# This file is autogenerated, do not edit; changes may be undone by the next 'dep ensure'.


[[projects]]
  name = "github.com/Azure/go-ansiterm"
  packages = [
    ".",
    "winterm"
  ]
  revision = "fa152c58bc15761d0200cb75fe958b89a9d4888e"

[[projects]]
  name = "github.com/Microsoft/go-winio"
  packages = ["."]
  revision = "d311c76e775b5092c023569caacdbb4e569c3243"
  version = "v0.4.0"

[[projects]]
  branch = "master"
  name = "github.com/Nvveen/Gotty"
  packages = ["."]
  revision = "cd527374f1e5bff4938207604a14f2e38a9cf512"

[[projects]]
  name = "github.com/Sirupsen/logrus"
  packages = ["."]
  revision = "10f801ebc38b33738c9d17d50860f484a0988ff5"

[[projects]]
  name = "github.com/alecthomas/kingpin"
  packages = ["."]
  revision = "e9044be3ab2a8e11d4e1f418d12f0790d57e8d70"
  version = "v2.2.3"

[[projects]]
  branch = "master"
  name = "github.com/alecthomas/template"
  packages = [
    ".",
    "parse"
  ]
  revision = "a0175ee3bccc567396460bf5acd36800cb10c49c"

[[projects]]
  branch = "master"
  name = "github.com/alecthomas/units"
  packages = ["."]
  revision = "2efee857e7cfd4f3d0138cc3cbb1b4966962b93a"

[[projects]]
  name = "github.com/docker/distribution"
  packages = [
    ".",
    "context",
    "digest",
    "manifest",
    "manifest/manifestlist",
    "manifest/schema1",
    "manifest/schema2",
    "reference",
    "uuid"
  ]
  revision = "a25b9ef0c9fe242ac04bb20d3a028442b7d266b6"
  version = "v2.6.1"

[[projects]]
  name = "github.com/docker/docker"
  packages = [
    "api/types",
    "api/types/blkiodev",
    "api/types/container",
    "api/types/filters",
    "api/types/mount",
    "api/types/network",
    "api/types/registry",
    "api/types/strslice",
    "api/types/swarm",
    "api/types/versions",
    "opts",
    "pkg/archive",
    "pkg/fileutils",
    "pkg/homedir",
    "pkg/idtools",
    "pkg/ioutils",
    "pkg/jsonlog",
    "pkg/jsonmessage",
    "pkg/longpath",
    "pkg/mount",
    "pkg/pools",
    "pkg/promise",
    "pkg/stdcopy",
    "pkg/system",
    "pkg/term",
    "pkg/term/windows"
  ]
  revision = "12458662495e7c8f63e4f86e8a7207403ab82957"

[[projects]]
  name = "github.com/docker/go-connections"
  packages = ["nat"]
  revision = "e15c02316c12de00874640cd76311849de2aeed5"

[[projects]]
  name = "github.com/docker/go-units"
  packages = ["."]
  revision = "0dadbb0345b35ec7ef35e228dabb8de89a65bf52"
  version = "v0.3.2"

[[projects]]
  branch = "master"
  name = "github.com/docker/libtrust"
  packages = ["."]
  revision = "aabc10ec26b754e797f9028f4589c5b7bd90dc20"

[[projects]]
  name = "github.com/fsouza/go-dockerclient"
  packages = ["."]
  revision = "30d142bbfdec74e09ecb4bdb89a44440ae4662ac"

[[projects]]
  name = "github.com/gorilla/context"
  packages = ["."]
  revision = "08b5f424b9271eedf6f9f0ce86cb9396ed337a42"
  version = "v1.1.1"

[[projects]]
  name = "github.com/gorilla/mux"
  packages = ["."]
  revision = "599cba5e7b6137d46ddf58fb1765f5d928e69604"

[[projects]]
  name = "github.com/hashicorp/go-cleanhttp"
  packages = ["."]
  revision = "3573b8b52aa7b37b9358d966a898feb387f62437"

[[projects]]
  name = "github.com/heroku/docker-registry-client"
  packages = ["registry"]
  revision = "95467b6cacee2a06f112a3cf7e47a70fad6000cf"

[[projects]]
  name = "github.com/opencontainers/runc"
  packages = [
    "libcontainer/system",
    "libcontainer/user"
  ]
  revision = "21ef2e3d129aa236b9ded94c63983b1119289522"

[[projects]]
  name = "github.com/pkg/errors"
  packages = ["."]
  revision = "c605e284fe17294bda444b34710735b29d1a9d90"

[[projects]]
  name = "golang.org/x/net"
  packages = [
    "context",
    "context/ctxhttp"
  ]
  revision = "d1e1b351919c6738fdeb9893d5c998b161464f0c"

[[projects]]
  name = "golang.org/x/sys"
  packages = [
    "unix",
    "windows"
  ]
  revision = "f3918c30c5c2cb527c0b071a27c35120a6c0719a"

[solve-meta]
  analyzer-name = "dep"
  analyzer-version = 1
  inputs-digest = "3f33183e2649b2ae337bbd270c42313d9c2acc1797399b166897d8e6aa95a60d"
  solver-name = "gps-cdcl"
  solver-version = 1
